
Microsoft Visual Studio Solution File, Format Version 12.00
# Visual Studio 14
VisualStudioVersion = 14.0.25420.1
MinimumVisualStudioVersion = 10.0.40219.1
Project("{FAE04EC0-301F-11D3-BF4B-00C04F79EFBC}") = "moyasar", "moyasar.csproj", "{9EC79375-DF6A-4E74-A90C-731751711E0D}"
EndProject
Project("{FAE04EC0-301F-11D3-BF4B-00C04F79EFBC}") = "CodeExamples", "..\CodeExamples\CodeExamples.csproj", "{09445DCE-DB47-4086-9779-BEE24C754339}"
EndProject
Project("{E24C65DC-7377-472B-9ABA-BC803B73C61A}") = "", "..\webformTest", "{50D5A8E7-510C-4C50-A9FF-007F6DEF84C4}"
	ProjectSection(WebsiteProperties) = preProject
		TargetFrameworkMoniker = ".NETFramework,Version%3Dv4.6.1"
		ProjectReferences = "{9ec79375-df6a-4e74-a90c-731751711e0d}|moyasar.dll;"
		Debug.AspNetCompiler.VirtualPath = "/localhost_11089"
		Debug.AspNetCompiler.PhysicalPath = "..\webformTest\"
		Debug.AspNetCompiler.TargetPath = "PrecompiledWeb\localhost_11089\"
		Debug.AspNetCompiler.Updateable = "true"
		Debug.AspNetCompiler.ForceOverwrite = "true"
		Debug.AspNetCompiler.FixedNames = "false"
		Debug.AspNetCompiler.Debug = "True"
		Release.AspNetCompiler.VirtualPath = "/localhost_11089"
		Release.AspNetCompiler.PhysicalPath = "..\webformTest\"
		Release.AspNetCompiler.TargetPath = "PrecompiledWeb\localhost_11089\"
		Release.AspNetCompiler.Updateable = "true"
		Release.AspNetCompiler.ForceOverwrite = "true"
		Release.AspNetCompiler.FixedNames = "false"
		Release.AspNetCompiler.Debug = "False"
		VWDPort = "11089"
		SlnRelativePath = "..\webformTest\"
		DefaultWebSiteLanguage = "Visual C#"
	EndProjectSection
EndProject
Project("{FAE04EC0-301F-11D3-BF4B-00C04F79EFBC}") = "TestTests", "..\TestTests\TestTests.csproj", "{692C1BF7-23D8-438D-8FB3-280962833B48}"
EndProject
Global
	GlobalSection(SolutionConfigurationPlatforms) = preSolution
		Debug|Any CPU = Debug|Any CPU
		Release|Any CPU = Release|Any CPU
	EndGlobalSection
	GlobalSection(ProjectConfigurationPlatforms) = postSolution
		{9EC79375-DF6A-4E74-A90C-731751711E0D}.Debug|Any CPU.ActiveCfg = Debug|Any CPU
		{9EC79375-DF6A-4E74-A90C-731751711E0D}.Debug|Any CPU.Build.0 = Debug|Any CPU
		{9EC79375-DF6A-4E74-A90C-731751711E0D}.Release|Any CPU.ActiveCfg = Release|Any CPU
		{9EC79375-DF6A-4E74-A90C-731751711E0D}.Release|Any CPU.Build.0 = Release|Any CPU
		{09445DCE-DB47-4086-9779-BEE24C754339}.Debug|Any CPU.ActiveCfg = Debug|Any CPU
		{09445DCE-DB47-4086-9779-BEE24C754339}.Debug|Any CPU.Build.0 = Debug|Any CPU
		{09445DCE-DB47-4086-9779-BEE24C754339}.Release|Any CPU.ActiveCfg = Release|Any CPU
		{09445DCE-DB47-4086-9779-BEE24C754339}.Release|Any CPU.Build.0 = Release|Any CPU
		{50D5A8E7-510C-4C50-A9FF-007F6DEF84C4}.Debug|Any CPU.ActiveCfg = Debug|Any CPU
		{50D5A8E7-510C-4C50-A9FF-007F6DEF84C4}.Debug|Any CPU.Build.0 = Debug|Any CPU
		{50D5A8E7-510C-4C50-A9FF-007F6DEF84C4}.Release|Any CPU.ActiveCfg = Debug|Any CPU
		{50D5A8E7-510C-4C50-A9FF-007F6DEF84C4}.Release|Any CPU.Build.0 = Debug|Any CPU
		{692C1BF7-23D8-438D-8FB3-280962833B48}.Debug|Any CPU.ActiveCfg = Debug|Any CPU
		{692C1BF7-23D8-438D-8FB3-280962833B48}.Debug|Any CPU.Build.0 = Debug|Any CPU
		{692C1BF7-23D8-438D-8FB3-280962833B48}.Release|Any CPU.ActiveCfg = Release|Any CPU
		{692C1BF7-23D8-438D-8FB3-280962833B48}.Release|Any CPU.Build.0 = Release|Any CPU
	EndGlobalSection
	GlobalSection(SolutionProperties) = preSolution
		HideSolutionNode = FALSE
	EndGlobalSection
EndGlobal
