
Microsoft Visual Studio Solution File, Format Version 12.00
# Visual Studio 14
VisualStudioVersion = 14.0.25420.1
MinimumVisualStudioVersion = 10.0.40219.1
Project("{FAE04EC0-301F-11D3-BF4B-00C04F79EFBC}") = "Xprema.Core", "Xprema.Core\Xprema.Core.csproj", "{3D01346E-0AF9-4D68-B6CF-C93CE9635EBA}"
EndProject
Project("{FAE04EC0-301F-11D3-BF4B-00C04F79EFBC}") = "XpremaCore", "XpremaCore\XpremaCore.csproj", "{0C141748-7478-40B5-98C2-BBD3A0478C8E}"
EndProject
Global
	GlobalSection(SolutionConfigurationPlatforms) = preSolution
		Debug|Any CPU = Debug|Any CPU
		Release|Any CPU = Release|Any CPU
	EndGlobalSection
	GlobalSection(ProjectConfigurationPlatforms) = postSolution
		{3D01346E-0AF9-4D68-B6CF-C93CE9635EBA}.Debug|Any CPU.ActiveCfg = Debug|Any CPU
		{3D01346E-0AF9-4D68-B6CF-C93CE9635EBA}.Debug|Any CPU.Build.0 = Debug|Any CPU
		{3D01346E-0AF9-4D68-B6CF-C93CE9635EBA}.Release|Any CPU.ActiveCfg = Release|Any CPU
		{3D01346E-0AF9-4D68-B6CF-C93CE9635EBA}.Release|Any CPU.Build.0 = Release|Any CPU
		{0C141748-7478-40B5-98C2-BBD3A0478C8E}.Debug|Any CPU.ActiveCfg = Debug|Any CPU
		{0C141748-7478-40B5-98C2-BBD3A0478C8E}.Debug|Any CPU.Build.0 = Debug|Any CPU
		{0C141748-7478-40B5-98C2-BBD3A0478C8E}.Debug|Any CPU.Deploy.0 = Debug|Any CPU
		{0C141748-7478-40B5-98C2-BBD3A0478C8E}.Release|Any CPU.ActiveCfg = Release|Any CPU
		{0C141748-7478-40B5-98C2-BBD3A0478C8E}.Release|Any CPU.Build.0 = Release|Any CPU
		{0C141748-7478-40B5-98C2-BBD3A0478C8E}.Release|Any CPU.Deploy.0 = Release|Any CPU
	EndGlobalSection
	GlobalSection(SolutionProperties) = preSolution
		HideSolutionNode = FALSE
	EndGlobalSection
EndGlobal
